lockfileVersion: '6.0'

settings:
  autoInstallPeers: true
  excludeLinksFromLockfile: false

dependencies:
  '@types/react':
    specifier: '>=16.8.0'
    version: 16.8.0
  ahooks:
    specifier: '>=3.7.6'
    version: 3.7.6(react@16.8.0)
  ramda:
    specifier: '>=0.29.0'
    version: 0.29.0
  react:
    specifier: '>=16.8.0'
    version: 16.8.0
  react-dom:
    specifier: '>=16.8.0'
    version: 16.8.0(react@16.8.0)
  recoil:
    specifier: '>=0.7.7'
    version: 0.7.7(react-dom@16.8.0)(react@16.8.0)
  typescript:
    specifier: '>=5.0.2'
    version: 5.0.2

devDependencies:
  '@types/ramda':
    specifier: ^0.29.3
    version: 0.29.3

packages:

  /@babel/runtime@7.22.10:
    resolution: {integrity: sha512-21t/fkKLMZI4pqP2wlmsQAWnYW1PDyKyyUV4vCi+B25ydmdaYTKXPwCj0BzSUnZf4seIiYvSA3jcZ3gdsMFkLQ==}
    engines: {node: '>=6.9.0'}
    dependencies:
      regenerator-runtime: 0.14.0
    dev: false

  /@types/js-cookie@2.2.7:
    resolution: {integrity: sha512-aLkWa0C0vO5b4Sr798E26QgOkss68Un0bLjs7u9qxzPT5CG+8DuNTffWES58YzJs3hrVAOs1wonycqEBqNJubA==}
    dev: false

  /@types/prop-types@15.7.5:
    resolution: {integrity: sha512-JCB8C6SnDoQf0cNycqd/35A7MjcnK+ZTqE7judS6o7utxUCg6imJg3QK2qzHKszlTjcj2cn+NwMB2i96ubpj7w==}
    dev: false

  /@types/ramda@0.29.3:
    resolution: {integrity: sha512-Yh/RHkjN0ru6LVhSQtTkCRo6HXkfL9trot/2elzM/yXLJmbLm2v6kJc8yftTnwv1zvUob6TEtqI2cYjdqG3U0Q==}
    dependencies:
      types-ramda: 0.29.4
    dev: true

  /@types/react@16.8.0:
    resolution: {integrity: sha512-phBajeyF9ZIYGWUHJV1+X5GHOtdUO0+qHamY4PXFPf6ntoDfW+VqOG8oyruD2K4rqApfOB1QKuQiNYUX8ejEpQ==}
    dependencies:
      '@types/prop-types': 15.7.5
      csstype: 2.6.21
    dev: false

  /ahooks-v3-count@1.0.0:
    resolution: {integrity: sha512-V7uUvAwnimu6eh/PED4mCDjE7tokeZQLKlxg9lCTMPhN+NjsSbtdacByVlR1oluXQzD3MOw55wylDmQo4+S9ZQ==}
    dev: false

  /ahooks@3.7.6(react@16.8.0):
    resolution: {integrity: sha512-p+2j4H/BI9vqXR0fZI7S/q6fUPxPklQnHqvU7zAVBljMFNSFeYRWB2iHHbjpXGOwUTOBYCh2OuvIHyJYj6Lpag==}
    engines: {node: '>=8.0.0'}
    peerDependencies:
      react: ^16.8.0 || ^17.0.0 || ^18.0.0
    dependencies:
      '@babel/runtime': 7.22.10
      '@types/js-cookie': 2.2.7
      ahooks-v3-count: 1.0.0
      dayjs: 1.11.9
      intersection-observer: 0.12.2
      js-cookie: 2.2.1
      lodash: 4.17.21
      react: 16.8.0
      resize-observer-polyfill: 1.5.1
      screenfull: 5.2.0
      tslib: 2.6.1
    dev: false

  /csstype@2.6.21:
    resolution: {integrity: sha512-Z1PhmomIfypOpoMjRQB70jfvy/wxT50qW08YXO5lMIJkrdq4yOTR+AW7FqutScmB9NkLwxo+jU+kZLbofZZq/w==}
    dev: false

  /dayjs@1.11.9:
    resolution: {integrity: sha512-QvzAURSbQ0pKdIye2txOzNaHmxtUBXerpY0FJsFXUMKbIZeFm5ht1LS/jFsrncjnmtv8HsG0W2g6c0zUjZWmpA==}
    dev: false

  /hamt_plus@1.0.2:
    resolution: {integrity: sha512-t2JXKaehnMb9paaYA7J0BX8QQAY8lwfQ9Gjf4pg/mk4krt+cmwmU652HOoWonf+7+EQV97ARPMhhVgU1ra2GhA==}
    dev: false

  /intersection-observer@0.12.2:
    resolution: {integrity: sha512-7m1vEcPCxXYI8HqnL8CKI6siDyD+eIWSwgB3DZA+ZTogxk9I4CDnj4wilt9x/+/QbHI4YG5YZNmC6458/e9Ktg==}
    dev: false

  /js-cookie@2.2.1:
    resolution: {integrity: sha512-HvdH2LzI/EAZcUwA8+0nKNtWHqS+ZmijLA30RwZA0bo7ToCckjK5MkGhjED9KoRcXO6BaGI3I9UIzSA1FKFPOQ==}
    dev: false

  /js-tokens@4.0.0:
    resolution: {integrity: sha512-RdJUflcE3cUzKiMqQgsCu06FPu9UdIJO0beYbPhHN4k6apgJtifcoCtT9bcxOpYBtpD2kCM6Sbzg4CausW/PKQ==}
    dev: false

  /lodash@4.17.21:
    resolution: {integrity: sha512-v2kDEe57lecTulaDIuNTPy3Ry4gLGJ6Z1O3vE1krgXZNrsQ+LFTGHVxVjcXPs17LhbZVGedAJv8XZ1tvj5FvSg==}
    dev: false

  /loose-envify@1.4.0:
    resolution: {integrity: sha512-lyuxPGr/Wfhrlem2CL/UcnUc1zcqKAImBDzukY7Y5F/yQiNdko6+fRLevlw1HgMySw7f611UIY408EtxRSoK3Q==}
    hasBin: true
    dependencies:
      js-tokens: 4.0.0
    dev: false

  /object-assign@4.1.1:
    resolution: {integrity: sha512-rJgTQnkUnH1sFw8yT6VSU3zD3sWmu6sZhIseY8VX+GRu3P6F7Fu+JNDoXfklElbLJSnc3FUQHVe4cU5hj+BcUg==}
    engines: {node: '>=0.10.0'}
    dev: false

  /prop-types@15.8.1:
    resolution: {integrity: sha512-oj87CgZICdulUohogVAR7AjlC0327U4el4L6eAvOqCeudMDVU0NThNaV+b9Df4dXgSP1gXMTnPdhfe/2qDH5cg==}
    dependencies:
      loose-envify: 1.4.0
      object-assign: 4.1.1
      react-is: 16.13.1
    dev: false

  /ramda@0.29.0:
    resolution: {integrity: sha512-BBea6L67bYLtdbOqfp8f58fPMqEwx0doL+pAi8TZyp2YWz8R9G8z9x75CZI8W+ftqhFHCpEX2cRnUUXK130iKA==}
    dev: false

  /react-dom@16.8.0(react@16.8.0):
    resolution: {integrity: sha512-dBzoAGYZpW9Yggp+CzBPC7q1HmWSeRc93DWrwbskmG1eHJWznZB/p0l/Sm+69leIGUS91AXPB/qB3WcPnKx8Sw==}
    peerDependencies:
      react: ^16.0.0
    dependencies:
      loose-envify: 1.4.0
      object-assign: 4.1.1
      prop-types: 15.8.1
      react: 16.8.0
      scheduler: 0.13.6
    dev: false

  /react-is@16.13.1:
    resolution: {integrity: sha512-24e6ynE2H+OKt4kqsOvNd8kBpV65zoxbA4BVsEOB3ARVWQki/DHzaUoC5KuON/BiccDaCCTZBuOcfZs70kR8bQ==}
    dev: false

  /react@16.8.0:
    resolution: {integrity: sha512-g+nikW2D48kqgWSPwNo0NH9tIGG3DsQFlrtrQ1kj6W77z5ahyIHG0w8kPpz4Sdj6gyLnz0lEd/xsjOoGge2MYQ==}
    engines: {node: '>=0.10.0'}
    dependencies:
      loose-envify: 1.4.0
      object-assign: 4.1.1
      prop-types: 15.8.1
      scheduler: 0.13.6
    dev: false

  /recoil@0.7.7(react-dom@16.8.0)(react@16.8.0):
    resolution: {integrity: sha512-8Og5KPQW9LwC577Vc7Ug2P0vQshkv1y3zG3tSSkWMqkWSwHmE+by06L8JtnGocjW6gcCvfwB3YtrJG6/tWivNQ==}
    peerDependencies:
      react: '>=16.13.1'
      react-dom: '*'
      react-native: '*'
    peerDependenciesMeta:
      react-dom:
        optional: true
      react-native:
        optional: true
    dependencies:
      hamt_plus: 1.0.2
      react: 16.8.0
      react-dom: 16.8.0(react@16.8.0)
    dev: false

  /regenerator-runtime@0.14.0:
    resolution: {integrity: sha512-srw17NI0TUWHuGa5CFGGmhfNIeja30WMBfbslPNhf6JrqQlLN5gcrvig1oqPxiVaXb0oW0XRKtH6Nngs5lKCIA==}
    dev: false

  /resize-observer-polyfill@1.5.1:
    resolution: {integrity: sha512-LwZrotdHOo12nQuZlHEmtuXdqGoOD0OhaxopaNFxWzInpEgaLWoVuAMbTzixuosCx2nEG58ngzW3vxdWoxIgdg==}
    dev: false

  /scheduler@0.13.6:
    resolution: {integrity: sha512-IWnObHt413ucAYKsD9J1QShUKkbKLQQHdxRyw73sw4FN26iWr3DY/H34xGPe4nmL1DwXyWmSWmMrA9TfQbE/XQ==}
    dependencies:
      loose-envify: 1.4.0
      object-assign: 4.1.1
    dev: false

  /screenfull@5.2.0:
    resolution: {integrity: sha512-9BakfsO2aUQN2K9Fdbj87RJIEZ82Q9IGim7FqM5OsebfoFC6ZHXgDq/KvniuLTPdeM8wY2o6Dj3WQ7KeQCj3cA==}
    engines: {node: '>=0.10.0'}
    dev: false

  /ts-toolbelt@9.6.0:
    resolution: {integrity: sha512-nsZd8ZeNUzukXPlJmTBwUAuABDe/9qtVDelJeT/qW0ow3ZS3BsQJtNkan1802aM9Uf68/Y8ljw86Hu0h5IUW3w==}
    dev: true

  /tslib@2.6.1:
    resolution: {integrity: sha512-t0hLfiEKfMUoqhG+U1oid7Pva4bbDPHYfJNiB7BiIjRkj1pyC++4N3huJfqY6aRH6VTB0rvtzQwjM4K6qpfOig==}
    dev: false

  /types-ramda@0.29.4:
    resolution: {integrity: sha512-XO/820iRsCDwqLjE8XE+b57cVGPyk1h+U9lBGpDWvbEky+NQChvHVwaKM05WnW1c5z3EVQh8NhXFmh2E/1YazQ==}
    dependencies:
      ts-toolbelt: 9.6.0
    dev: true

  /typescript@5.0.2:
    resolution: {integrity: sha512-wVORMBGO/FAs/++blGNeAVdbNKtIh1rbBL2EyQ1+J9lClJ93KiiKe8PmFIVdXhHcyv44SL9oglmfeSsndo0jRw==}
    engines: {node: '>=12.20'}
    hasBin: true
    dev: false
